// !$*UTF8*$!
{
	archiveVersion = 1;
	classes = {
	};
	objectVersion = 77;
	objects = {

/* Begin PBXContainerItemProxy section */
		DAF98A9D2CA12B3A003ECAF7 /* PBXContainerItemProxy */ = {
			isa = PBXContainerItemProxy;
			containerPortal = DAF98A842CA12B38003ECAF7 /* Project object */;
			proxyType = 1;
			remoteGlobalIDString = DAF98A8B2CA12B38003ECAF7;
			remoteInfo = Vocabee;
		};
		DAF98AA72CA12B3A003ECAF7 /* PBXContainerItemProxy */ = {
			isa = PBXContainerItemProxy;
			containerPortal = DAF98A842CA12B38003ECAF7 /* Project object */;
			proxyType = 1;
			remoteGlobalIDString = DAF98A8B2CA12B38003ECAF7;
			remoteInfo = Vocabee;
		};
/* End PBXContainerItemProxy section */

/* Begin PBXFileReference section */
		DAF98A8C2CA12B38003ECAF7 /* Vocabee.app */ = {isa = PBXFileReference; explicitFileType = wrapper.application; includeInIndex = 0; path = Vocabee.app; sourceTree = BUILT_PRODUCTS_DIR; };
		DAF98A9C2CA12B3A003ECAF7 /* VocabeeTests.xctest */ = {isa = PBXFileReference; explicitFileType = wrapper.cfbundle; includeInIndex = 0; path = VocabeeTests.xctest; sourceTree = BUILT_PRODUCTS_DIR; };
		DAF98AA62CA12B3A003ECAF7 /* VocabeeUITests.xctest */ = {isa = PBXFileReference; explicitFileType = wrapper.cfbundle; includeInIndex = 0; path = VocabeeUITests.xctest; sourceTree = BUILT_PRODUCTS_DIR; };
/* End PBXFileReference section */

/* Begin PBXFileSystemSynchronizedRootGroup section */
		DAF98A8E2CA12B38003ECAF7 /* Vocabee */ = {
			isa = PBXFileSystemSynchronizedRootGroup;
			path = Vocabee;
			sourceTree = "<group>";
		};
		DAF98A9F2CA12B3A003ECAF7 /* VocabeeTests */ = {
			isa = PBXFileSystemSynchronizedRootGroup;
			path = VocabeeTests;
			sourceTree = "<group>";
		};
		DAF98AA92CA12B3A003ECAF7 /* VocabeeUITests */ = {
			isa = PBXFileSystemSynchronizedRootGroup;
			path = VocabeeUITests;
			sourceTree = "<group>";
		};
/* End PBXFileSystemSynchronizedRootGroup section */

/* Begin PBXFrameworksBuildPhase section */
		DAF98A892CA12B38003ECAF7 /* Frameworks */ = {
			isa = PBXFrameworksBuildPhase;
			buildActionMask = 2147483647;
			files = (
			);
			runOnlyForDeploymentPostprocessing = 0;
		};
		DAF98A992CA12B3A003ECAF7 /* Frameworks */ = {
			isa = PBXFrameworksBuildPhase;
			buildActionMask = 2147483647;
			files = (
			);
			runOnlyForDeploymentPostprocessing = 0;
		};
		DAF98AA32CA12B3A003ECAF7 /* Frameworks */ = {
			isa = PBXFrameworksBuildPhase;
			buildActionMask = 2147483647;
			files = (
			);
			runOnlyForDeploymentPostprocessing = 0;
		};
/* End PBXFrameworksBuildPhase section */

/* Begin PBXGroup section */
		DAF98A832CA12B38003ECAF7 = {
			isa = PBXGroup;
			children = (
				DAF98A8E2CA12B38003ECAF7 /* Vocabee */,
				DAF98A9F2CA12B3A003ECAF7 /* VocabeeTests */,
				DAF98AA92CA12B3A003ECAF7 /* VocabeeUITests */,
				DAF98A8D2CA12B38003ECAF7 /* Products */,
			);
			sourceTree = "<group>";
		};
		DAF98A8D2CA12B38003ECAF7 /* Products */ = {
			isa = PBXGroup;
			children = (
				DAF98A8C2CA12B38003ECAF7 /* Vocabee.app */,
				DAF98A9C2CA12B3A003ECAF7 /* VocabeeTests.xctest */,
				DAF98AA62CA12B3A003ECAF7 /* VocabeeUITests.xctest */,
			);
			name = Products;
			sourceTree = "<group>";
		};
/* End PBXGroup section */

/* Begin PBXNativeTarget section */
		DAF98A8B2CA12B38003ECAF7 /* Vocabee */ = {
			isa = PBXNativeTarget;
			buildConfigurationList = DAF98AB02CA12B3A003ECAF7 /* Build configuration list for PBXNativeTarget "Vocabee" */;
			buildPhases = (
				DAF98A882CA12B38003ECAF7 /* Sources */,
				DAF98A892CA12B38003ECAF7 /* Frameworks */,
				DAF98A8A2CA12B38003ECAF7 /* Resources */,
			);
			buildRules = (
			);
			dependencies = (
			);
			fileSystemSynchronizedGroups = (
				DAF98A8E2CA12B38003ECAF7 /* Vocabee */,
			);
			name = Vocabee;
			packageProductDependencies = (
			);
			productName = Vocabee;
			productReference = DAF98A8C2CA12B38003ECAF7 /* Vocabee.app */;
			productType = "com.apple.product-type.application";
		};
		DAF98A9B2CA12B3A003ECAF7 /* VocabeeTests */ = {
			isa = PBXNativeTarget;
			buildConfigurationList = DAF98AB32CA12B3A003ECAF7 /* Build configuration list for PBXNativeTarget "VocabeeTests" */;
			buildPhases = (
				DAF98A982CA12B3A003ECAF7 /* Sources */,
				DAF98A992CA12B3A003ECAF7 /* Frameworks */,
				DAF98A9A2CA12B3A003ECAF7 /* Resources */,
			);
			buildRules = (
			);
			dependencies = (
				DAF98A9E2CA12B3A003ECAF7 /* PBXTargetDependency */,
			);
			fileSystemSynchronizedGroups = (
				DAF98A9F2CA12B3A003ECAF7 /* VocabeeTests */,
			);
			name = VocabeeTests;
			packageProductDependencies = (
			);
			productName = VocabeeTests;
			productReference = DAF98A9C2CA12B3A003ECAF7 /* VocabeeTests.xctest */;
			productType = "com.apple.product-type.bundle.unit-test";
		};
		DAF98AA52CA12B3A003ECAF7 /* VocabeeUITests */ = {
			isa = PBXNativeTarget;
			buildConfigurationList = DAF98AB62CA12B3A003ECAF7 /* Build configuration list for PBXNativeTarget "VocabeeUITests" */;
			buildPhases = (
				DAF98AA22CA12B3A003ECAF7 /* Sources */,
				DAF98AA32CA12B3A003ECAF7 /* Frameworks */,
				DAF98AA42CA12B3A003ECAF7 /* Resources */,
			);
			buildRules = (
			);
			dependencies = (
				DAF98AA82CA12B3A003ECAF7 /* PBXTargetDependency */,
			);
			fileSystemSynchronizedGroups = (
				DAF98AA92CA12B3A003ECAF7 /* VocabeeUITests */,
			);
			name = VocabeeUITests;
			packageProductDependencies = (
			);
			productName = VocabeeUITests;
			productReference = DAF98AA62CA12B3A003ECAF7 /* VocabeeUITests.xctest */;
			productType = "com.apple.product-type.bundle.ui-testing";
		};
/* End PBXNativeTarget section */

/* Begin PBXProject section */
		DAF98A842CA12B38003ECAF7 /* Project object */ = {
			isa = PBXProject;
			attributes = {
				BuildIndependentTargetsInParallel = 1;
				LastSwiftUpdateCheck = 1600;
				LastUpgradeCheck = 1600;
				TargetAttributes = {
					DAF98A8B2CA12B38003ECAF7 = {
						CreatedOnToolsVersion = 16.0;
					};
					DAF98A9B2CA12B3A003ECAF7 = {
						CreatedOnToolsVersion = 16.0;
						TestTargetID = DAF98A8B2CA12B38003ECAF7;
					};
					DAF98AA52CA12B3A003ECAF7 = {
						CreatedOnToolsVersion = 16.0;
						TestTargetID = DAF98A8B2CA12B38003ECAF7;
					};
				};
			};
			buildConfigurationList = DAF98A872CA12B38003ECAF7 /* Build configuration list for PBXProject "Vocabee" */;
			developmentRegion = en;
			hasScannedForEncodings = 0;
			knownRegions = (
				en,
				Base,
			);
			mainGroup = DAF98A832CA12B38003ECAF7;
			minimizedProjectReferenceProxies = 1;
			preferredProjectObjectVersion = 77;
			productRefGroup = DAF98A8D2CA12B38003ECAF7 /* Products */;
			projectDirPath = "";
			projectRoot = "";
			targets = (
				DAF98A8B2CA12B38003ECAF7 /* Vocabee */,
				DAF98A9B2CA12B3A003ECAF7 /* VocabeeTests */,
				DAF98AA52CA12B3A003ECAF7 /* VocabeeUITests */,
			);
		};
/* End PBXProject section */

/* Begin PBXResourcesBuildPhase section */
		DAF98A8A2CA12B38003ECAF7 /* Resources */ = {
			isa = PBXResourcesBuildPhase;
			buildActionMask = 2147483647;
			files = (
			);
			runOnlyForDeploymentPostprocessing = 0;
		};
		DAF98A9A2CA12B3A003ECAF7 /* Resources */ = {
			isa = PBXResourcesBuildPhase;
			buildActionMask = 2147483647;
			files = (
			);
			runOnlyForDeploymentPostprocessing = 0;
		};
		DAF98AA42CA12B3A003ECAF7 /* Resources */ = {
			isa = PBXResourcesBuildPhase;
			buildActionMask = 2147483647;
			files = (
			);
			runOnlyForDeploymentPostprocessing = 0;
		};
/* End PBXResourcesBuildPhase section */

/* Begin PBXSourcesBuildPhase section */
		DAF98A882CA12B38003ECAF7 /* Sources */ = {
			isa = PBXSourcesBuildPhase;
			buildActionMask = 2147483647;
			files = (
			);
			runOnlyForDeploymentPostprocessing = 0;
		};
		DAF98A982CA12B3A003ECAF7 /* Sources */ = {
			isa = PBXSourcesBuildPhase;
			buildActionMask = 2147483647;
			files = (
			);
			runOnlyForDeploymentPostprocessing = 0;
		};
		DAF98AA22CA12B3A003ECAF7 /* Sources */ = {
			isa = PBXSourcesBuildPhase;
			buildActionMask = 2147483647;
			files = (
			);
			runOnlyForDeploymentPostprocessing = 0;
		};
/* End PBXSourcesBuildPhase section */

/* Begin PBXTargetDependency section */
		DAF98A9E2CA12B3A003ECAF7 /* PBXTargetDependency */ = {
			isa = PBXTargetDependency;
			target = DAF98A8B2CA12B38003ECAF7 /* Vocabee */;
			targetProxy = DAF98A9D2CA12B3A003ECAF7 /* PBXContainerItemProxy */;
		};
		DAF98AA82CA12B3A003ECAF7 /* PBXTargetDependency */ = {
			isa = PBXTargetDependency;
			target = DAF98A8B2CA12B38003ECAF7 /* Vocabee */;
			targetProxy = DAF98AA72CA12B3A003ECAF7 /* PBXContainerItemProxy */;
		};
/* End PBXTargetDependency section */

/* Begin XCBuildConfiguration section */
		DAF98AAE2CA12B3A003ECAF7 /* Debug */ = {
			isa = XCBuildConfiguration;
			buildSettings = {
				ALWAYS_SEARCH_USER_PATHS = NO;
				ASSETCATALOG_COMPILER_GENERATE_SWIFT_ASSET_SYMBOL_EXTENSIONS = YES;
				CLANG_ANALYZER_NONNULL = YES;
				CLANG_ANALYZER_NUMBER_OBJECT_CONVERSION = YES_AGGRESSIVE;
				CLANG_CXX_LANGUAGE_STANDARD = "gnu++20";
				CLANG_ENABLE_MODULES = YES;
				CLANG_ENABLE_OBJC_ARC = YES;
				CLANG_ENABLE_OBJC_WEAK = YES;
				CLANG_WARN_BLOCK_CAPTURE_AUTORELEASING = YES;
				CLANG_WARN_BOOL_CONVERSION = YES;
				CLANG_WARN_COMMA = YES;
				CLANG_WARN_CONSTANT_CONVERSION = YES;
				CLANG_WARN_DEPRECATED_OBJC_IMPLEMENTATIONS = YES;
				CLANG_WARN_DIRECT_OBJC_ISA_USAGE = YES_ERROR;
				CLANG_WARN_DOCUMENTATION_COMMENTS = YES;
				CLANG_WARN_EMPTY_BODY = YES;
				CLANG_WARN_ENUM_CONVERSION = YES;
				CLANG_WARN_INFINITE_RECURSION = YES;
				CLANG_WARN_INT_CONVERSION = YES;
				CLANG_WARN_NON_LITERAL_NULL_CONVERSION = YES;
				CLANG_WARN_OBJC_IMPLICIT_RETAIN_SELF = YES;
				CLANG_WARN_OBJC_LITERAL_CONVERSION = YES;
				CLANG_WARN_OBJC_ROOT_CLASS = YES_ERROR;
				CLANG_WARN_QUOTED_INCLUDE_IN_FRAMEWORK_HEADER = YES;
				CLANG_WARN_RANGE_LOOP_ANALYSIS = YES;
				CLANG_WARN_STRICT_PROTOTYPES = YES;
				CLANG_WARN_SUSPICIOUS_MOVE = YES;
				CLANG_WARN_UNGUARDED_AVAILABILITY = YES_AGGRESSIVE;
				CLANG_WARN_UNREACHABLE_CODE = YES;
				CLANG_WARN__DUPLICATE_METHOD_MATCH = YES;
				COPY_PHASE_STRIP = NO;
				DEBUG_INFORMATION_FORMAT = dwarf;
				ENABLE_STRICT_OBJC_MSGSEND = YES;
				ENABLE_TESTABILITY = YES;
				ENABLE_USER_SCRIPT_SANDBOXING = YES;
				GCC_C_LANGUAGE_STANDARD = gnu17;
				GCC_DYNAMIC_NO_PIC = NO;
				GCC_NO_COMMON_BLOCKS = YES;
				GCC_OPTIMIZATION_LEVEL = 0;
				GCC_PREPROCESSOR_DEFINITIONS = (
					"DEBUG=1",
					"$(inherited)",
				);
				GCC_WARN_64_TO_32_BIT_CONVERSION = YES;
				GCC_WARN_ABOUT_RETURN_TYPE = YES_ERROR;
				GCC_WARN_UNDECLARED_SELECTOR = YES;
				GCC_WARN_UNINITIALIZED_AUTOS = YES_AGGRESSIVE;
				GCC_WARN_UNUSED_FUNCTION = YES;
				GCC_WARN_UNUSED_VARIABLE = YES;
				IPHONEOS_DEPLOYMENT_TARGET = 18.0;
				LOCALIZATION_PREFERS_STRING_CATALOGS = YES;
				MTL_ENABLE_DEBUG_INFO = INCLUDE_SOURCE;
				MTL_FAST_MATH = YES;
				ONLY_ACTIVE_ARCH = YES;
				SDKROOT = iphoneos;
				SWIFT_ACTIVE_COMPILATION_CONDITIONS = "DEBUG $(inherited)";
				SWIFT_OPTIMIZATION_LEVEL = "-Onone";
			};
			name = Debug;
		};
		DAF98AAF2CA12B3A003ECAF7 /* Release */ = {
			isa = XCBuildConfiguration;
			buildSettings = {
				ALWAYS_SEARCH_USER_PATHS = NO;
				ASSETCATALOG_COMPILER_GENERATE_SWIFT_ASSET_SYMBOL_EXTENSIONS = YES;
				CLANG_ANALYZER_NONNULL = YES;
				CLANG_ANALYZER_NUMBER_OBJECT_CONVERSION = YES_AGGRESSIVE;
				CLANG_CXX_LANGUAGE_STANDARD = "gnu++20";
				CLANG_ENABLE_MODULES = YES;
				CLANG_ENABLE_OBJC_ARC = YES;
				CLANG_ENABLE_OBJC_WEAK = YES;
				CLANG_WARN_BLOCK_CAPTURE_AUTORELEASING = YES;
				CLANG_WARN_BOOL_CONVERSION = YES;
				CLANG_WARN_COMMA = YES;
				CLANG_WARN_CONSTANT_CONVERSION = YES;
				CLANG_WARN_DEPRECATED_OBJC_IMPLEMENTATIONS = YES;
				CLANG_WARN_DIRECT_OBJC_ISA_USAGE = YES_ERROR;
				CLANG_WARN_DOCUMENTATION_COMMENTS = YES;
				CLANG_WARN_EMPTY_BODY = YES;
				CLANG_WARN_ENUM_CONVERSION = YES;
				CLANG_WARN_INFINITE_RECURSION = YES;
				CLANG_WARN_INT_CONVERSION = YES;
				CLANG_WARN_NON_LITERAL_NULL_CONVERSION = YES;
				CLANG_WARN_OBJC_IMPLICIT_RETAIN_SELF = YES;
				CLANG_WARN_OBJC_LITERAL_CONVERSION = YES;
				CLANG_WARN_OBJC_ROOT_CLASS = YES_ERROR;
				CLANG_WARN_QUOTED_INCLUDE_IN_FRAMEWORK_HEADER = YES;
				CLANG_WARN_RANGE_LOOP_ANALYSIS = YES;
				CLANG_WARN_STRICT_PROTOTYPES = YES;
				CLANG_WARN_SUSPICIOUS_MOVE = YES;
				CLANG_WARN_UNGUARDED_AVAILABILITY = YES_AGGRESSIVE;
				CLANG_WARN_UNREACHABLE_CODE = YES;
				CLANG_WARN__DUPLICATE_METHOD_MATCH = YES;
				COPY_PHASE_STRIP = NO;
				DEBUG_INFORMATION_FORMAT = "dwarf-with-dsym";
				ENABLE_NS_ASSERTIONS = NO;
				ENABLE_STRICT_OBJC_MSGSEND = YES;
				ENABLE_USER_SCRIPT_SANDBOXING = YES;
				GCC_C_LANGUAGE_STANDARD = gnu17;
				GCC_NO_COMMON_BLOCKS = YES;
				GCC_WARN_64_TO_32_BIT_CONVERSION = YES;
				GCC_WARN_ABOUT_RETURN_TYPE = YES_ERROR;
				GCC_WARN_UNDECLARED_SELECTOR = YES;
				GCC_WARN_UNINITIALIZED_AUTOS = YES_AGGRESSIVE;
				GCC_WARN_UNUSED_FUNCTION = YES;
				GCC_WARN_UNUSED_VARIABLE = YES;
				IPHONEOS_DEPLOYMENT_TARGET = 18.0;
				LOCALIZATION_PREFERS_STRING_CATALOGS = YES;
				MTL_ENABLE_DEBUG_INFO = NO;
				MTL_FAST_MATH = YES;
				SDKROOT = iphoneos;
				SWIFT_COMPILATION_MODE = wholemodule;
				VALIDATE_PRODUCT = YES;
			};
			name = Release;
		};
		DAF98AB12CA12B3A003ECAF7 /* Debug */ = {
			isa = XCBuildConfiguration;
			buildSettings = {
				ASSETCATALOG_COMPILER_APPICON_NAME = AppIcon;
				ASSETCATALOG_COMPILER_GLOBAL_ACCENT_COLOR_NAME = AccentColor;
				CODE_SIGN_STYLE = Automatic;
				CURRENT_PROJECT_VERSION = 1;
				DEVELOPMENT_ASSET_PATHS = "\"Vocabee/Preview Content\"";
				DEVELOPMENT_TEAM = ZBJ72L3TMQ;
				ENABLE_PREVIEWS = YES;
				GENERATE_INFOPLIST_FILE = YES;
				INFOPLIST_KEY_UIApplicationSceneManifest_Generation = YES;
				INFOPLIST_KEY_UIApplicationSupportsIndirectInputEvents = YES;
				INFOPLIST_KEY_UILaunchScreen_Generation = YES;
				INFOPLIST_KEY_UISupportedInterfaceOrientations_iPad = "UIInterfaceOrientationPortrait UIInterfaceOrientationPortraitUpsideDown UIInterfaceOrientationLandscapeLeft UIInterfaceOrientationLandscapeRight";
				INFOPLIST_KEY_UISupportedInterfaceOrientations_iPhone = "UIInterfaceOrientationPortrait UIInterfaceOrientationLandscapeLeft UIInterfaceOrientationLandscapeRight";
				LD_RUNPATH_SEARCH_PATHS = (
					"$(inherited)",
					"@executable_path/Frameworks",
				);
				MARKETING_VERSION = 1.0;
				PRODUCT_BUNDLE_IDENTIFIER = com.codewithDevi.Vocabee;
				PRODUCT_NAME = "$(TARGET_NAME)";
				SWIFT_EMIT_LOC_STRINGS = YES;
				SWIFT_VERSION = 5.0;
				TARGETED_DEVICE_FAMILY = "1,2";
			};
			name = Debug;
		};
		DAF98AB22CA12B3A003ECAF7 /* Release */ = {
			isa = XCBuildConfiguration;
			buildSettings = {
				ASSETCATALOG_COMPILER_APPICON_NAME = AppIcon;
				ASSETCATALOG_COMPILER_GLOBAL_ACCENT_COLOR_NAME = AccentColor;
				CODE_SIGN_STYLE = Automatic;
				CURRENT_PROJECT_VERSION = 1;
				DEVELOPMENT_ASSET_PATHS = "\"Vocabee/Preview Content\"";
				DEVELOPMENT_TEAM = ZBJ72L3TMQ;
				ENABLE_PREVIEWS = YES;
				GENERATE_INFOPLIST_FILE = YES;
				INFOPLIST_KEY_UIApplicationSceneManifest_Generation = YES;
				INFOPLIST_KEY_UIApplicationSupportsIndirectInputEvents = YES;
				INFOPLIST_KEY_UILaunchScreen_Generation = YES;
				INFOPLIST_KEY_UISupportedInterfaceOrientations_iPad = "UIInterfaceOrientationPortrait UIInterfaceOrientationPortraitUpsideDown UIInterfaceOrientationLandscapeLeft UIInterfaceOrientationLandscapeRight";
				INFOPLIST_KEY_UISupportedInterfaceOrientations_iPhone = "UIInterfaceOrientationPortrait UIInterfaceOrientationLandscapeLeft UIInterfaceOrientationLandscapeRight";
				LD_RUNPATH_SEARCH_PATHS = (
					"$(inherited)",
					"@executable_path/Frameworks",
				);
				MARKETING_VERSION = 1.0;
				PRODUCT_BUNDLE_IDENTIFIER = com.codewithDevi.Vocabee;
				PRODUCT_NAME = "$(TARGET_NAME)";
				SWIFT_EMIT_LOC_STRINGS = YES;
				SWIFT_VERSION = 5.0;
				TARGETED_DEVICE_FAMILY = "1,2";
			};
			name = Release;
		};
		DAF98AB42CA12B3A003ECAF7 /* Debug */ = {
			isa = XCBuildConfiguration;
			buildSettings = {
				BUNDLE_LOADER = "$(TEST_HOST)";
				CODE_SIGN_STYLE = Automatic;
				CURRENT_PROJECT_VERSION = 1;
				DEVELOPMENT_TEAM = ZBJ72L3TMQ;
				GENERATE_INFOPLIST_FILE = YES;
				IPHONEOS_DEPLOYMENT_TARGET = 18.0;
				MARKETING_VERSION = 1.0;
				PRODUCT_BUNDLE_IDENTIFIER = com.codewithDevi.VocabeeTests;
				PRODUCT_NAME = "$(TARGET_NAME)";
				SWIFT_EMIT_LOC_STRINGS = NO;
				SWIFT_VERSION = 5.0;
				TARGETED_DEVICE_FAMILY = "1,2";
				TEST_HOST = "$(BUILT_PRODUCTS_DIR)/Vocabee.app/$(BUNDLE_EXECUTABLE_FOLDER_PATH)/Vocabee";
			};
			name = Debug;
		};
		DAF98AB52CA12B3A003ECAF7 /* Release */ = {
			isa = XCBuildConfiguration;
			buildSettings = {
				BUNDLE_LOADER = "$(TEST_HOST)";
				CODE_SIGN_STYLE = Automatic;
				CURRENT_PROJECT_VERSION = 1;
				DEVELOPMENT_TEAM = ZBJ72L3TMQ;
				GENERATE_INFOPLIST_FILE = YES;
				IPHONEOS_DEPLOYMENT_TARGET = 18.0;
				MARKETING_VERSION = 1.0;
				PRODUCT_BUNDLE_IDENTIFIER = com.codewithDevi.VocabeeTests;
				PRODUCT_NAME = "$(TARGET_NAME)";
				SWIFT_EMIT_LOC_STRINGS = NO;
				SWIFT_VERSION = 5.0;
				TARGETED_DEVICE_FAMILY = "1,2";
				TEST_HOST = "$(BUILT_PRODUCTS_DIR)/Vocabee.app/$(BUNDLE_EXECUTABLE_FOLDER_PATH)/Vocabee";
			};
			name = Release;
		};
		DAF98AB72CA12B3A003ECAF7 /* Debug */ = {
			isa = XCBuildConfiguration;
			buildSettings = {
				CODE_SIGN_STYLE = Automatic;
				CURRENT_PROJECT_VERSION = 1;
				DEVELOPMENT_TEAM = ZBJ72L3TMQ;
				GENERATE_INFOPLIST_FILE = YES;
				MARKETING_VERSION = 1.0;
				PRODUCT_BUNDLE_IDENTIFIER = com.codewithDevi.VocabeeUITests;
				PRODUCT_NAME = "$(TARGET_NAME)";
				SWIFT_EMIT_LOC_STRINGS = NO;
				SWIFT_VERSION = 5.0;
				TARGETED_DEVICE_FAMILY = "1,2";
				TEST_TARGET_NAME = Vocabee;
			};
			name = Debug;
		};
		DAF98AB82CA12B3A003ECAF7 /* Release */ = {
			isa = XCBuildConfiguration;
			buildSettings = {
				CODE_SIGN_STYLE = Automatic;
				CURRENT_PROJECT_VERSION = 1;
				DEVELOPMENT_TEAM = ZBJ72L3TMQ;
				GENERATE_INFOPLIST_FILE = YES;
				MARKETING_VERSION = 1.0;
				PRODUCT_BUNDLE_IDENTIFIER = com.codewithDevi.VocabeeUITests;
				PRODUCT_NAME = "$(TARGET_NAME)";
				SWIFT_EMIT_LOC_STRINGS = NO;
				SWIFT_VERSION = 5.0;
				TARGETED_DEVICE_FAMILY = "1,2";
				TEST_TARGET_NAME = Vocabee;
			};
			name = Release;
		};
/* End XCBuildConfiguration section */

/* Begin XCConfigurationList section */
		DAF98A872CA12B38003ECAF7 /* Build configuration list for PBXProject "Vocabee" */ = {
			isa = XCConfigurationList;
			buildConfigurations = (
				DAF98AAE2CA12B3A003ECAF7 /* Debug */,
				DAF98AAF2CA12B3A003ECAF7 /* Release */,
			);
			defaultConfigurationIsVisible = 0;
			defaultConfigurationName = Release;
		};
		DAF98AB02CA12B3A003ECAF7 /* Build configuration list for PBXNativeTarget "Vocabee" */ = {
			isa = XCConfigurationList;
			buildConfigurations = (
				DAF98AB12CA12B3A003ECAF7 /* Debug */,
				DAF98AB22CA12B3A003ECAF7 /* Release */,
			);
			defaultConfigurationIsVisible = 0;
			defaultConfigurationName = Release;
		};
		DAF98AB32CA12B3A003ECAF7 /* Build configuration list for PBXNativeTarget "VocabeeTests" */ = {
			isa = XCConfigurationList;
			buildConfigurations = (
				DAF98AB42CA12B3A003ECAF7 /* Debug */,
				DAF98AB52CA12B3A003ECAF7 /* Release */,
			);
			defaultConfigurationIsVisible = 0;
			defaultConfigurationName = Release;
		};
		DAF98AB62CA12B3A003ECAF7 /* Build configuration list for PBXNativeTarget "VocabeeUITests" */ = {
			isa = XCConfigurationList;
			buildConfigurations = (
				DAF98AB72CA12B3A003ECAF7 /* Debug */,
				DAF98AB82CA12B3A003ECAF7 /* Release */,
			);
			defaultConfigurationIsVisible = 0;
			defaultConfigurationName = Release;
		};
/* End XCConfigurationList section */
	};
	rootObject = DAF98A842CA12B38003ECAF7 /* Project object */;
}
